
Microsoft Visual Studio Solution File, Format Version 12.00
# Visual Studio Version 17
VisualStudioVersion = 17.11.35312.102
MinimumVisualStudioVersion = 10.0.40219.1
Project("{9A19103F-16F7-4668-BE54-9A1E7A4F7556}") = "Test_App", "Test_App.csproj", "{BB194AD2-85C7-4993-B7FF-724672B30F0F}"
EndProject
Project("{A9E3F50B-275E-4AF7-ADCE-8BE12D41E305}") = "TeamsApp", "TeamsApp\TeamsApp.ttkproj", "{412D6628-C8F3-4D7B-B5BC-2CA70C5DFFFF}"
EndProject
Global
	GlobalSection(SolutionConfigurationPlatforms) = preSolution
		Debug|Any CPU = Debug|Any CPU
		Release|Any CPU = Release|Any CPU
	EndGlobalSection
	GlobalSection(ProjectConfigurationPlatforms) = postSolution
		{BB194AD2-85C7-4993-B7FF-724672B30F0F}.Debug|Any CPU.ActiveCfg = Debug|Any CPU
		{BB194AD2-85C7-4993-B7FF-724672B30F0F}.Debug|Any CPU.Build.0 = Debug|Any CPU
		{BB194AD2-85C7-4993-B7FF-724672B30F0F}.Release|Any CPU.ActiveCfg = Release|Any CPU
		{BB194AD2-85C7-4993-B7FF-724672B30F0F}.Release|Any CPU.Build.0 = Release|Any CPU
		{412D6628-C8F3-4D7B-B5BC-2CA70C5DFFFF}.Debug|Any CPU.ActiveCfg = Debug|Any CPU
		{412D6628-C8F3-4D7B-B5BC-2CA70C5DFFFF}.Debug|Any CPU.Build.0 = Debug|Any CPU
		{412D6628-C8F3-4D7B-B5BC-2CA70C5DFFFF}.Release|Any CPU.ActiveCfg = Release|Any CPU
		{412D6628-C8F3-4D7B-B5BC-2CA70C5DFFFF}.Release|Any CPU.Build.0 = Release|Any CPU
	EndGlobalSection
	GlobalSection(SolutionProperties) = preSolution
		HideSolutionNode = FALSE
	EndGlobalSection
	GlobalSection(ExtensibilityGlobals) = postSolution
		SolutionGuid = {44628D5D-E8A9-4169-A9CF-A4A6906BB26C}
	EndGlobalSection
EndGlobal
